<?xml version="1.0" encoding="utf-8"?>
<Project ToolsVersion="4.0" xmlns="http://schemas.microsoft.com/developer/msbuild/2003">
  <ItemGroup>
    <Filter Include="Source Files">
      <UniqueIdentifier>{4FC737F1-C7A5-4376-A066-2A32D752A2FF}</UniqueIdentifier>
      <Extensions>cpp;c;cc;cxx;def;odl;idl;hpj;bat;asm;asmx</Extensions>
    </Filter>
    <Filter Include="Header Files">
      <UniqueIdentifier>{93995380-89BD-4b04-88EB-625FBE52EBFB}</UniqueIdentifier>
      <Extensions>h;hh;hpp;hxx;hm;inl;inc;xsd</Extensions>
    </Filter>
    <Filter Include="Resource Files">
      <UniqueIdentifier>{67DA6AB6-F800-4c08-8B7A-83BB121AAD01}</UniqueIdentifier>
      <Extensions>rc;ico;cur;bmp;dlg;rc2;rct;bin;rgs;gif;jpg;jpeg;jpe;resx;tiff;tif;png;wav;mfcribbon-ms</Extensions>
    </Filter>
  </ItemGroup>
  <ItemGroup>
    <ClCompile Include="Game\GameScreen.cpp">
      <Filter>Source Files</Filter>
    </ClCompile>
    <ClCompile Include="Game\Controller.cpp">
      <Filter>Source Files</Filter>
    </ClCompile>
    <ClCompile Include="Core\Components\ControllerComponent.cpp">
      <Filter>Source Files</Filter>
    </ClCompile>
    <ClCompile Include="Core\Components\MovementComponent.cpp">
      <Filter>Source Files</Filter>
    </ClCompile>
    <ClCompile Include="Core\Components\NpcComponent.cpp">
      <Filter>Source Files</Filter>
    </ClCompile>
    <ClCompile Include="Core\Components\OutlineComponent.cpp">
      <Filter>Source Files</Filter>
    </ClCompile>
    <ClCompile Include="Core\Components\TransformComponent.cpp">
      <Filter>Source Files</Filter>
    </ClCompile>
    <ClCompile Include="Core\Animation\AnimatedSprite.cpp">
      <Filter>Source Files</Filter>
    </ClCompile>
    <ClCompile Include="Core\ResourceManagers\ResourceManager.cpp">
      <Filter>Source Files</Filter>
    </ClCompile>
    <ClCompile Include="Core\ResourceManagers\EntityList.cpp">
      <Filter>Source Files</Filter>
    </ClCompile>
    <ClCompile Include="Core\ResourceManagers\InputManager.cpp">
      <Filter>Source Files</Filter>
    </ClCompile>
    <ClCompile Include="Core\Common\Game.cpp">
      <Filter>Source Files</Filter>
    </ClCompile>
    <ClCompile Include="Core\Common\main.cpp">
      <Filter>Source Files</Filter>
    </ClCompile>
    <ClCompile Include="Core\Common\Scripts.cpp">
      <Filter>Source Files</Filter>
    </ClCompile>
    <ClCompile Include="Core\Common\Entity.cpp">
      <Filter>Source Files</Filter>
    </ClCompile>
    <ClCompile Include="Core\Components\SensoryComponent.cpp">
      <Filter>Source Files</Filter>
    </ClCompile>
    <ClCompile Include="Core\Components\InteractionComponent.cpp">
      <Filter>Source Files</Filter>
    </ClCompile>
    <ClCompile Include="Game\LuaFunctions.cpp">
      <Filter>Source Files</Filter>
    </ClCompile>
    <ClCompile Include="Core\Components\ScriptComponent.cpp">
      <Filter>Source Files</Filter>
    </ClCompile>
    <ClCompile Include="spine\spine-c\spine-c\src\spine\Animation.c">
      <Filter>Source Files</Filter>
    </ClCompile>
    <ClCompile Include="spine\spine-c\spine-c\src\spine\AnimationState.c">
      <Filter>Source Files</Filter>
    </ClCompile>
    <ClCompile Include="spine\spine-c\spine-c\src\spine\AnimationStateData.c">
      <Filter>Source Files</Filter>
    </ClCompile>
    <ClCompile Include="spine\spine-c\spine-c\src\spine\Array.c">
      <Filter>Source Files</Filter>
    </ClCompile>
    <ClCompile Include="spine\spine-c\spine-c\src\spine\Atlas.c">
      <Filter>Source Files</Filter>
    </ClCompile>
    <ClCompile Include="spine\spine-c\spine-c\src\spine\AtlasAttachmentLoader.c">
      <Filter>Source Files</Filter>
    </ClCompile>
    <ClCompile Include="spine\spine-c\spine-c\src\spine\Attachment.c">
      <Filter>Source Files</Filter>
    </ClCompile>
    <ClCompile Include="spine\spine-c\spine-c\src\spine\AttachmentLoader.c">
      <Filter>Source Files</Filter>
    </ClCompile>
    <ClCompile Include="spine\spine-c\spine-c\src\spine\Bone.c">
      <Filter>Source Files</Filter>
    </ClCompile>
    <ClCompile Include="spine\spine-c\spine-c\src\spine\BoneData.c">
      <Filter>Source Files</Filter>
    </ClCompile>
    <ClCompile Include="spine\spine-c\spine-c\src\spine\BoundingBoxAttachment.c">
      <Filter>Source Files</Filter>
    </ClCompile>
    <ClCompile Include="spine\spine-c\spine-c\src\spine\ClippingAttachment.c">
      <Filter>Source Files</Filter>
    </ClCompile>
    <ClCompile Include="spine\spine-c\spine-c\src\spine\Color.c">
      <Filter>Source Files</Filter>
    </ClCompile>
    <ClCompile Include="spine\spine-c\spine-c\src\spine\Event.c">
      <Filter>Source Files</Filter>
    </ClCompile>
    <ClCompile Include="spine\spine-c\spine-c\src\spine\EventData.c">
      <Filter>Source Files</Filter>
    </ClCompile>
    <ClCompile Include="spine\spine-c\spine-c\src\spine\extension.c">
      <Filter>Source Files</Filter>
    </ClCompile>
    <ClCompile Include="spine\spine-c\spine-c\src\spine\IkConstraint.c">
      <Filter>Source Files</Filter>
    </ClCompile>
    <ClCompile Include="spine\spine-c\spine-c\src\spine\IkConstraintData.c">
      <Filter>Source Files</Filter>
    </ClCompile>
    <ClCompile Include="spine\spine-c\spine-c\src\spine\Json.c">
      <Filter>Source Files</Filter>
    </ClCompile>
    <ClCompile Include="spine\spine-c\spine-c\src\spine\MeshAttachment.c">
      <Filter>Source Files</Filter>
    </ClCompile>
    <ClCompile Include="spine\spine-c\spine-c\src\spine\PathAttachment.c">
      <Filter>Source Files</Filter>
    </ClCompile>
    <ClCompile Include="spine\spine-c\spine-c\src\spine\PathConstraint.c">
      <Filter>Source Files</Filter>
    </ClCompile>
    <ClCompile Include="spine\spine-c\spine-c\src\spine\PathConstraintData.c">
      <Filter>Source Files</Filter>
    </ClCompile>
    <ClCompile Include="spine\spine-c\spine-c\src\spine\PointAttachment.c">
      <Filter>Source Files</Filter>
    </ClCompile>
    <ClCompile Include="spine\spine-c\spine-c\src\spine\RegionAttachment.c">
      <Filter>Source Files</Filter>
    </ClCompile>
    <ClCompile Include="spine\spine-c\spine-c\src\spine\Skeleton.c">
      <Filter>Source Files</Filter>
    </ClCompile>
    <ClCompile Include="spine\spine-c\spine-c\src\spine\SkeletonBinary.c">
      <Filter>Source Files</Filter>
    </ClCompile>
    <ClCompile Include="spine\spine-c\spine-c\src\spine\SkeletonBounds.c">
      <Filter>Source Files</Filter>
    </ClCompile>
    <ClCompile Include="spine\spine-c\spine-c\src\spine\SkeletonClipping.c">
      <Filter>Source Files</Filter>
    </ClCompile>
    <ClCompile Include="spine\spine-c\spine-c\src\spine\SkeletonData.c">
      <Filter>Source Files</Filter>
    </ClCompile>
    <ClCompile Include="spine\spine-c\spine-c\src\spine\SkeletonJson.c">
      <Filter>Source Files</Filter>
    </ClCompile>
    <ClCompile Include="spine\spine-c\spine-c\src\spine\Skin.c">
      <Filter>Source Files</Filter>
    </ClCompile>
    <ClCompile Include="spine\spine-c\spine-c\src\spine\Slot.c">
      <Filter>Source Files</Filter>
    </ClCompile>
    <ClCompile Include="spine\spine-c\spine-c\src\spine\SlotData.c">
      <Filter>Source Files</Filter>
    </ClCompile>
    <ClCompile Include="spine\spine-c\spine-c\src\spine\TransformConstraint.c">
      <Filter>Source Files</Filter>
    </ClCompile>
    <ClCompile Include="spine\spine-c\spine-c\src\spine\TransformConstraintData.c">
      <Filter>Source Files</Filter>
    </ClCompile>
    <ClCompile Include="spine\spine-c\spine-c\src\spine\Triangulator.c">
      <Filter>Source Files</Filter>
    </ClCompile>
    <ClCompile Include="spine\spine-c\spine-c\src\spine\VertexAttachment.c">
      <Filter>Source Files</Filter>
    </ClCompile>
    <ClCompile Include="spine\spine-sfml\src\spine\spine-sfml.cpp">
      <Filter>Source Files</Filter>
    </ClCompile>
    <ClCompile Include="Core\Animation\SPRAnimation.cpp">
      <Filter>Source Files</Filter>
    </ClCompile>
    <ClCompile Include="Core\Components\SpriteComponent.cpp">
      <Filter>Source Files</Filter>
    </ClCompile>
    <ClCompile Include="Core\Components\SpineComponent.cpp">
      <Filter>Source Files</Filter>
    </ClCompile>
    <ClCompile Include="Core\Common\GameMap.cpp">
      <Filter>Source Files</Filter>
    </ClCompile>
    <ClCompile Include="Core\ResourceManagers\MapManager.cpp">
      <Filter>Source Files</Filter>
    </ClCompile>
    <ClCompile Include="Core\Components\CombatComponent.cpp">
      <Filter>Source Files</Filter>
    </ClCompile>
    <ClCompile Include="Core\HUD\HUD.cpp">
      <Filter>Source Files</Filter>
    </ClCompile>
  </ItemGroup>
  <ItemGroup>
    <ClInclude Include="Game\GameScreen.h">
      <Filter>Header Files</Filter>
    </ClInclude>
    <ClInclude Include="Game\Controller.h">
      <Filter>Header Files</Filter>
    </ClInclude>
    <ClInclude Include="Core\Components\Component.h">
      <Filter>Header Files</Filter>
    </ClInclude>
    <ClInclude Include="Core\Components\ControllerComponent.h">
      <Filter>Header Files</Filter>
    </ClInclude>
    <ClInclude Include="Core\Components\MovementComponent.h">
      <Filter>Header Files</Filter>
    </ClInclude>
    <ClInclude Include="Core\Components\NpcComponent.h">
      <Filter>Header Files</Filter>
    </ClInclude>
    <ClInclude Include="Core\Components\OutlineComponent.h">
      <Filter>Header Files</Filter>
    </ClInclude>
    <ClInclude Include="Core\Components\TransformComponent.h">
      <Filter>Header Files</Filter>
    </ClInclude>
    <ClInclude Include="Core\Animation\AnimatedSprite.hpp">
      <Filter>Header Files</Filter>
    </ClInclude>
    <ClInclude Include="Core\ResourceManagers\ResourceManager.h">
      <Filter>Header Files</Filter>
    </ClInclude>
    <ClInclude Include="Core\ResourceManagers\InputManager.h">
      <Filter>Header Files</Filter>
    </ClInclude>
    <ClInclude Include="Core\ResourceManagers\EntityList.h">
      <Filter>Header Files</Filter>
    </ClInclude>
    <ClInclude Include="Core\Common\Game.h">
      <Filter>Header Files</Filter>
    </ClInclude>
    <ClInclude Include="Core\Common\Screen.h">
      <Filter>Header Files</Filter>
    </ClInclude>
    <ClInclude Include="Core\Common\Scripts.h">
      <Filter>Header Files</Filter>
    </ClInclude>
    <ClInclude Include="Core\Common\Entity.h">
      <Filter>Header Files</Filter>
    </ClInclude>
    <ClInclude Include="Core\Components\SensoryComponent.h">
      <Filter>Header Files</Filter>
    </ClInclude>
    <ClInclude Include="Core\Components\InteractionComponent.h">
      <Filter>Header Files</Filter>
    </ClInclude>
    <ClInclude Include="Game\LuaFunctions.h">
      <Filter>Header Files</Filter>
    </ClInclude>
    <ClInclude Include="Core\Components\ScriptComponent.h">
      <Filter>Header Files</Filter>
    </ClInclude>
    <ClInclude Include="spine\spine-c\spine-c\include\spine\Animation.h">
      <Filter>Header Files</Filter>
    </ClInclude>
    <ClInclude Include="spine\spine-c\spine-c\include\spine\AnimationState.h">
      <Filter>Header Files</Filter>
    </ClInclude>
    <ClInclude Include="spine\spine-c\spine-c\include\spine\AnimationStateData.h">
      <Filter>Header Files</Filter>
    </ClInclude>
    <ClInclude Include="spine\spine-c\spine-c\include\spine\Array.h">
      <Filter>Header Files</Filter>
    </ClInclude>
    <ClInclude Include="spine\spine-c\spine-c\include\spine\Atlas.h">
      <Filter>Header Files</Filter>
    </ClInclude>
    <ClInclude Include="spine\spine-c\spine-c\include\spine\AtlasAttachmentLoader.h">
      <Filter>Header Files</Filter>
    </ClInclude>
    <ClInclude Include="spine\spine-c\spine-c\include\spine\Attachment.h">
      <Filter>Header Files</Filter>
    </ClInclude>
    <ClInclude Include="spine\spine-c\spine-c\include\spine\AttachmentLoader.h">
      <Filter>Header Files</Filter>
    </ClInclude>
    <ClInclude Include="spine\spine-c\spine-c\include\spine\Bone.h">
      <Filter>Header Files</Filter>
    </ClInclude>
    <ClInclude Include="spine\spine-c\spine-c\include\spine\BoneData.h">
      <Filter>Header Files</Filter>
    </ClInclude>
    <ClInclude Include="spine\spine-c\spine-c\include\spine\BoundingBoxAttachment.h">
      <Filter>Header Files</Filter>
    </ClInclude>
    <ClInclude Include="spine\spine-c\spine-c\include\spine\ClippingAttachment.h">
      <Filter>Header Files</Filter>
    </ClInclude>
    <ClInclude Include="spine\spine-c\spine-c\include\spine\Color.h">
      <Filter>Header Files</Filter>
    </ClInclude>
    <ClInclude Include="spine\spine-c\spine-c\include\spine\Event.h">
      <Filter>Header Files</Filter>
    </ClInclude>
    <ClInclude Include="spine\spine-c\spine-c\include\spine\EventData.h">
      <Filter>Header Files</Filter>
    </ClInclude>
    <ClInclude Include="spine\spine-c\spine-c\include\spine\extension.h">
      <Filter>Header Files</Filter>
    </ClInclude>
    <ClInclude Include="spine\spine-c\spine-c\include\spine\IkConstraint.h">
      <Filter>Header Files</Filter>
    </ClInclude>
    <ClInclude Include="spine\spine-c\spine-c\include\spine\IkConstraintData.h">
      <Filter>Header Files</Filter>
    </ClInclude>
    <ClInclude Include="spine\spine-c\spine-c\include\spine\MeshAttachment.h">
      <Filter>Header Files</Filter>
    </ClInclude>
    <ClInclude Include="spine\spine-c\spine-c\include\spine\PathAttachment.h">
      <Filter>Header Files</Filter>
    </ClInclude>
    <ClInclude Include="spine\spine-c\spine-c\include\spine\PathConstraint.h">
      <Filter>Header Files</Filter>
    </ClInclude>
    <ClInclude Include="spine\spine-c\spine-c\include\spine\PathConstraintData.h">
      <Filter>Header Files</Filter>
    </ClInclude>
    <ClInclude Include="spine\spine-c\spine-c\include\spine\PointAttachment.h">
      <Filter>Header Files</Filter>
    </ClInclude>
    <ClInclude Include="spine\spine-c\spine-c\include\spine\RegionAttachment.h">
      <Filter>Header Files</Filter>
    </ClInclude>
    <ClInclude Include="spine\spine-c\spine-c\include\spine\Skeleton.h">
      <Filter>Header Files</Filter>
    </ClInclude>
    <ClInclude Include="spine\spine-c\spine-c\include\spine\SkeletonBinary.h">
      <Filter>Header Files</Filter>
    </ClInclude>
    <ClInclude Include="spine\spine-c\spine-c\include\spine\SkeletonBounds.h">
      <Filter>Header Files</Filter>
    </ClInclude>
    <ClInclude Include="spine\spine-c\spine-c\include\spine\SkeletonClipping.h">
      <Filter>Header Files</Filter>
    </ClInclude>
    <ClInclude Include="spine\spine-c\spine-c\include\spine\SkeletonData.h">
      <Filter>Header Files</Filter>
    </ClInclude>
    <ClInclude Include="spine\spine-c\spine-c\include\spine\SkeletonJson.h">
      <Filter>Header Files</Filter>
    </ClInclude>
    <ClInclude Include="spine\spine-c\spine-c\include\spine\Skin.h">
      <Filter>Header Files</Filter>
    </ClInclude>
    <ClInclude Include="spine\spine-c\spine-c\include\spine\Slot.h">
      <Filter>Header Files</Filter>
    </ClInclude>
    <ClInclude Include="spine\spine-c\spine-c\include\spine\SlotData.h">
      <Filter>Header Files</Filter>
    </ClInclude>
    <ClInclude Include="spine\spine-c\spine-c\include\spine\spine.h">
      <Filter>Header Files</Filter>
    </ClInclude>
    <ClInclude Include="spine\spine-c\spine-c\include\spine\TransformConstraint.h">
      <Filter>Header Files</Filter>
    </ClInclude>
    <ClInclude Include="spine\spine-c\spine-c\include\spine\TransformConstraintData.h">
      <Filter>Header Files</Filter>
    </ClInclude>
    <ClInclude Include="spine\spine-c\spine-c\include\spine\Triangulator.h">
      <Filter>Header Files</Filter>
    </ClInclude>
    <ClInclude Include="spine\spine-c\spine-c\include\spine\VertexAttachment.h">
      <Filter>Header Files</Filter>
    </ClInclude>
    <ClInclude Include="spine\spine-c\spine-c\src\spine\Json.h">
      <Filter>Header Files</Filter>
    </ClInclude>
    <ClInclude Include="spine\spine-c\spine-c\src\spine\kvec.h">
      <Filter>Header Files</Filter>
    </ClInclude>
    <ClInclude Include="spine\spine-sfml\src\spine\spine-sfml.h">
      <Filter>Header Files</Filter>
    </ClInclude>
    <ClInclude Include="Core\Animation\SPRAnimation.hpp">
      <Filter>Header Files</Filter>
    </ClInclude>
    <ClInclude Include="Core\Components\SpriteComponent.h">
      <Filter>Header Files</Filter>
    </ClInclude>
    <ClInclude Include="Core\Components\SpineComponent.h">
      <Filter>Header Files</Filter>
    </ClInclude>
    <ClInclude Include="Core\Components\GraphicsComponentBase.h">
      <Filter>Header Files</Filter>
    </ClInclude>
    <ClInclude Include="Core\Common\GameMap.h">
      <Filter>Header Files</Filter>
    </ClInclude>
    <ClInclude Include="Core\ResourceManagers\MapManager.h">
      <Filter>Header Files</Filter>
    </ClInclude>
    <ClInclude Include="Core\Components\CombatComponent.h">
      <Filter>Header Files</Filter>
    </ClInclude>
    <ClInclude Include="Core\HUD\HUD.h">
      <Filter>Header Files</Filter>
    </ClInclude>
    <ClInclude Include="Game\Stats.h">
      <Filter>Header Files</Filter>
    </ClInclude>
  </ItemGroup>
  <ItemGroup>
    <None Include="Data\makePlayer.lua" />
    <None Include="Data\player.lua" />
    <None Include="Data\bruh.lua" />
    <None Include="Data\bruh\bruh.lua" />
    <None Include="Data\player\player.lua" />
    <None Include="Data\bruh\script.lua" />
    <None Include="Data\common\spine\char\Spine_data\2d_character_Atlas.asset" />
    <None Include="Data\common\spine\char\Spine_data\2d_character_Material.mat" />
    <None Include="Data\common\spine\char\Spine_data\2d_character_SkeletonData.asset" />
    <None Include="Data\combat\system.lua" />
    <None Include="Data\common\scripts\executeNow.lua" />
  </ItemGroup>
  <ItemGroup>
    <Text Include="Data\common\spine\char\Spine_data\2d_character.atlas.txt" />
    <Text Include="Data\common\spine\char\Spine_data\2d_character.json.txt" />
  </ItemGroup>
  <ItemGroup>
    <Image Include="Data\common\spine\char\Spine_data\2d_character.png">
      <Filter>Resource Files</Filter>
    </Image>
    <Image Include="Data\common\spine\char\Img_anim\default\arm_Left_dn.png">
      <Filter>Resource Files</Filter>
    </Image>
    <Image Include="Data\common\spine\char\Img_anim\default\arm_Left_up.png">
      <Filter>Resource Files</Filter>
    </Image>
    <Image Include="Data\common\spine\char\Img_anim\default\arm_rigth_dn.png">
      <Filter>Resource Files</Filter>
    </Image>
    <Image Include="Data\common\spine\char\Img_anim\default\arm_rigth_up.png">
      <Filter>Resource Files</Filter>
    </Image>
    <Image Include="Data\common\spine\char\Img_anim\default\arm_rigth_weapon.png">
      <Filter>Resource Files</Filter>
    </Image>
    <Image Include="Data\common\spine\char\Img_anim\default\body.png">
      <Filter>Resource Files</Filter>
    </Image>
    <Image Include="Data\common\spine\char\Img_anim\default\body_belt..png">
      <Filter>Resource Files</Filter>
    </Image>
    <Image Include="Data\common\spine\char\Img_anim\default\head_face.png">
      <Filter>Resource Files</Filter>
    </Image>
    <Image Include="Data\common\spine\char\Img_anim\default\head_hair.png">
      <Filter>Resource Files</Filter>
    </Image>
    <Image Include="Data\common\spine\char\Img_anim\default\leg_left_dn.png">
      <Filter>Resource Files</Filter>
    </Image>
    <Image Include="Data\common\spine\char\Img_anim\default\leg_left_up.png">
      <Filter>Resource Files</Filter>
    </Image>
    <Image Include="Data\common\spine\char\Img_anim\default\leg_rigth_dn.png">
      <Filter>Resource Files</Filter>
    </Image>
    <Image Include="Data\common\spine\char\Img_anim\default\leg_rigth_up.png">
      <Filter>Resource Files</Filter>
    </Image>
    <Image Include="Data\common\spine\char\Img_anim\default\Sleeveless_01.png">
      <Filter>Resource Files</Filter>
    </Image>
  </ItemGroup>
</Project>